// !$*UTF8*$!
{
	archiveVersion = 1;
	classes = {
	};
	objectVersion = 55;
	objects = {

/* Begin PBXBuildFile section */
		5FF5FA3629201A7F00120588 /* WeatherSwiftUIApp.swift in Sources */ = {isa = PBXBuildFile; fileRef = 5FF5FA3529201A7F00120588 /* WeatherSwiftUIApp.swift */; };
		5FF5FA3829201A7F00120588 /* ContentView.swift in Sources */ = {isa = PBXBuildFile; fileRef = 5FF5FA3729201A7F00120588 /* ContentView.swift */; };
		5FF5FA3A29201A8200120588 /* Assets.xcassets in Resources */ = {isa = PBXBuildFile; fileRef = 5FF5FA3929201A8200120588 /* Assets.xcassets */; };
		5FF5FA3D29201A8200120588 /* Preview Assets.xcassets in Resources */ = {isa = PBXBuildFile; fileRef = 5FF5FA3C29201A8200120588 /* Preview Assets.xcassets */; };
		5FF5FA4529201C2A00120588 /* LocationManager.swift in Sources */ = {isa = PBXBuildFile; fileRef = 5FF5FA4429201C2A00120588 /* LocationManager.swift */; };
		5FF5FA4829213B8000120588 /* WelcomeView.swift in Sources */ = {isa = PBXBuildFile; fileRef = 5FF5FA4729213B8000120588 /* WelcomeView.swift */; };
		5FF5FA4A292147AA00120588 /* LoadingView.swift in Sources */ = {isa = PBXBuildFile; fileRef = 5FF5FA49292147AA00120588 /* LoadingView.swift */; };
		5FF5FA4C29214A4700120588 /* WeatherManager.swift in Sources */ = {isa = PBXBuildFile; fileRef = 5FF5FA4B29214A4700120588 /* WeatherManager.swift */; };
		5FF5FA4E292153F600120588 /* WeatherView.swift in Sources */ = {isa = PBXBuildFile; fileRef = 5FF5FA4D292153F600120588 /* WeatherView.swift */; };
		5FF5FA50292154BA00120588 /* ModelData.swift in Sources */ = {isa = PBXBuildFile; fileRef = 5FF5FA4F292154BA00120588 /* ModelData.swift */; };
		5FF5FA52292155C800120588 /* weatherData.json in Resources */ = {isa = PBXBuildFile; fileRef = 5FF5FA51292155C800120588 /* weatherData.json */; };
		5FF5FA542921576D00120588 /* Extensions.swift in Sources */ = {isa = PBXBuildFile; fileRef = 5FF5FA532921576D00120588 /* Extensions.swift */; };
		5FF5FA57292500AC00120588 /* WeatherRow.swift in Sources */ = {isa = PBXBuildFile; fileRef = 5FF5FA56292500AC00120588 /* WeatherRow.swift */; };
/* End PBXBuildFile section */

/* Begin PBXFileReference section */
		5FF5FA3229201A7F00120588 /* WeatherSwiftUI.app */ = {isa = PBXFileReference; explicitFileType = wrapper.application; includeInIndex = 0; path = WeatherSwiftUI.app; sourceTree = BUILT_PRODUCTS_DIR; };
		5FF5FA3529201A7F00120588 /* WeatherSwiftUIApp.swift */ = {isa = PBXFileReference; lastKnownFileType = sourcecode.swift; path = WeatherSwiftUIApp.swift; sourceTree = "<group>"; };
		5FF5FA3729201A7F00120588 /* ContentView.swift */ = {isa = PBXFileReference; lastKnownFileType = sourcecode.swift; path = ContentView.swift; sourceTree = "<group>"; };
		5FF5FA3929201A8200120588 /* Assets.xcassets */ = {isa = PBXFileReference; lastKnownFileType = folder.assetcatalog; path = Assets.xcassets; sourceTree = "<group>"; };
		5FF5FA3C29201A8200120588 /* Preview Assets.xcassets */ = {isa = PBXFileReference; lastKnownFileType = folder.assetcatalog; path = "Preview Assets.xcassets"; sourceTree = "<group>"; };
		5FF5FA4429201C2A00120588 /* LocationManager.swift */ = {isa = PBXFileReference; lastKnownFileType = sourcecode.swift; path = LocationManager.swift; sourceTree = "<group>"; };
		5FF5FA4729213B8000120588 /* WelcomeView.swift */ = {isa = PBXFileReference; lastKnownFileType = sourcecode.swift; path = WelcomeView.swift; sourceTree = "<group>"; };
		5FF5FA49292147AA00120588 /* LoadingView.swift */ = {isa = PBXFileReference; lastKnownFileType = sourcecode.swift; path = LoadingView.swift; sourceTree = "<group>"; };
		5FF5FA4B29214A4700120588 /* WeatherManager.swift */ = {isa = PBXFileReference; lastKnownFileType = sourcecode.swift; path = WeatherManager.swift; sourceTree = "<group>"; };
		5FF5FA4D292153F600120588 /* WeatherView.swift */ = {isa = PBXFileReference; lastKnownFileType = sourcecode.swift; path = WeatherView.swift; sourceTree = "<group>"; };
		5FF5FA4F292154BA00120588 /* ModelData.swift */ = {isa = PBXFileReference; lastKnownFileType = sourcecode.swift; path = ModelData.swift; sourceTree = "<group>"; };
		5FF5FA51292155C800120588 /* weatherData.json */ = {isa = PBXFileReference; lastKnownFileType = text.json; path = weatherData.json; sourceTree = "<group>"; };
		5FF5FA532921576D00120588 /* Extensions.swift */ = {isa = PBXFileReference; lastKnownFileType = sourcecode.swift; path = Extensions.swift; sourceTree = "<group>"; };
		5FF5FA56292500AC00120588 /* WeatherRow.swift */ = {isa = PBXFileReference; lastKnownFileType = sourcecode.swift; path = WeatherRow.swift; sourceTree = "<group>"; };
/* End PBXFileReference section */

/* Begin PBXFrameworksBuildPhase section */
		5FF5FA2F29201A7F00120588 /* Frameworks */ = {
			isa = PBXFrameworksBuildPhase;
			buildActionMask = 2147483647;
			files = (
			);
			runOnlyForDeploymentPostprocessing = 0;
		};
/* End PBXFrameworksBuildPhase section */

/* Begin PBXGroup section */
		5FF5FA2929201A7F00120588 = {
			isa = PBXGroup;
			children = (
				5FF5FA3429201A7F00120588 /* WeatherSwiftUI */,
				5FF5FA3329201A7F00120588 /* Products */,
			);
			sourceTree = "<group>";
		};
		5FF5FA3329201A7F00120588 /* Products */ = {
			isa = PBXGroup;
			children = (
				5FF5FA3229201A7F00120588 /* WeatherSwiftUI.app */,
			);
			name = Products;
			sourceTree = "<group>";
		};
		5FF5FA3429201A7F00120588 /* WeatherSwiftUI */ = {
			isa = PBXGroup;
			children = (
				5FF5FA552925009A00120588 /* Components */,
				5FF5FA4629201E1D00120588 /* Views */,
				5FF5FA4329201C1600120588 /* Managers */,
				5FF5FA3529201A7F00120588 /* WeatherSwiftUIApp.swift */,
				5FF5FA3929201A8200120588 /* Assets.xcassets */,
				5FF5FA3B29201A8200120588 /* Preview Content */,
				5FF5FA532921576D00120588 /* Extensions.swift */,
			);
			path = WeatherSwiftUI;
			sourceTree = "<group>";
		};
		5FF5FA3B29201A8200120588 /* Preview Content */ = {
			isa = PBXGroup;
			children = (
				5FF5FA3C29201A8200120588 /* Preview Assets.xcassets */,
				5FF5FA51292155C800120588 /* weatherData.json */,
				5FF5FA4F292154BA00120588 /* ModelData.swift */,
			);
			path = "Preview Content";
			sourceTree = "<group>";
		};
		5FF5FA4329201C1600120588 /* Managers */ = {
			isa = PBXGroup;
			children = (
				5FF5FA4429201C2A00120588 /* LocationManager.swift */,
				5FF5FA4B29214A4700120588 /* WeatherManager.swift */,
			);
			path = Managers;
			sourceTree = "<group>";
		};
		5FF5FA4629201E1D00120588 /* Views */ = {
			isa = PBXGroup;
			children = (
				5FF5FA3729201A7F00120588 /* ContentView.swift */,
				5FF5FA4729213B8000120588 /* WelcomeView.swift */,
				5FF5FA49292147AA00120588 /* LoadingView.swift */,
				5FF5FA4D292153F600120588 /* WeatherView.swift */,
			);
			path = Views;
			sourceTree = "<group>";
		};
		5FF5FA552925009A00120588 /* Components */ = {
			isa = PBXGroup;
			children = (
				5FF5FA56292500AC00120588 /* WeatherRow.swift */,
			);
			path = Components;
			sourceTree = "<group>";
		};
/* End PBXGroup section */

/* Begin PBXNativeTarget section */
		5FF5FA3129201A7F00120588 /* WeatherSwiftUI */ = {
			isa = PBXNativeTarget;
			buildConfigurationList = 5FF5FA4029201A8200120588 /* Build configuration list for PBXNativeTarget "WeatherSwiftUI" */;
			buildPhases = (
				5FF5FA2E29201A7F00120588 /* Sources */,
				5FF5FA2F29201A7F00120588 /* Frameworks */,
				5FF5FA3029201A7F00120588 /* Resources */,
			);
			buildRules = (
			);
			dependencies = (
			);
			name = WeatherSwiftUI;
			productName = WeatherSwiftUI;
			productReference = 5FF5FA3229201A7F00120588 /* WeatherSwiftUI.app */;
			productType = "com.apple.product-type.application";
		};
/* End PBXNativeTarget section */

/* Begin PBXProject section */
		5FF5FA2A29201A7F00120588 /* Project object */ = {
			isa = PBXProject;
			attributes = {
				BuildIndependentTargetsInParallel = 1;
				LastSwiftUpdateCheck = 1330;
				LastUpgradeCheck = 1330;
				TargetAttributes = {
					5FF5FA3129201A7F00120588 = {
						CreatedOnToolsVersion = 13.3;
					};
				};
			};
			buildConfigurationList = 5FF5FA2D29201A7F00120588 /* Build configuration list for PBXProject "WeatherSwiftUI" */;
			compatibilityVersion = "Xcode 13.0";
			developmentRegion = en;
			hasScannedForEncodings = 0;
			knownRegions = (
				en,
				Base,
			);
			mainGroup = 5FF5FA2929201A7F00120588;
			productRefGroup = 5FF5FA3329201A7F00120588 /* Products */;
			projectDirPath = "";
			projectRoot = "";
			targets = (
				5FF5FA3129201A7F00120588 /* WeatherSwiftUI */,
			);
		};
/* End PBXProject section */

/* Begin PBXResourcesBuildPhase section */
		5FF5FA3029201A7F00120588 /* Resources */ = {
			isa = PBXResourcesBuildPhase;
			buildActionMask = 2147483647;
			files = (
				5FF5FA3D29201A8200120588 /* Preview Assets.xcassets in Resources */,
				5FF5FA52292155C800120588 /* weatherData.json in Resources */,
				5FF5FA3A29201A8200120588 /* Assets.xcassets in Resources */,
			);
			runOnlyForDeploymentPostprocessing = 0;
		};
/* End PBXResourcesBuildPhase section */

/* Begin PBXSourcesBuildPhase section */
		5FF5FA2E29201A7F00120588 /* Sources */ = {
			isa = PBXSourcesBuildPhase;
			buildActionMask = 2147483647;
			files = (
				5FF5FA4C29214A4700120588 /* WeatherManager.swift in Sources */,
				5FF5FA542921576D00120588 /* Extensions.swift in Sources */,
				5FF5FA3829201A7F00120588 /* ContentView.swift in Sources */,
				5FF5FA3629201A7F00120588 /* WeatherSwiftUIApp.swift in Sources */,
				5FF5FA4529201C2A00120588 /* LocationManager.swift in Sources */,
				5FF5FA57292500AC00120588 /* WeatherRow.swift in Sources */,
				5FF5FA4A292147AA00120588 /* LoadingView.swift in Sources */,
				5FF5FA50292154BA00120588 /* ModelData.swift in Sources */,
				5FF5FA4E292153F600120588 /* WeatherView.swift in Sources */,
				5FF5FA4829213B8000120588 /* WelcomeView.swift in Sources */,
			);
			runOnlyForDeploymentPostprocessing = 0;
		};
/* End PBXSourcesBuildPhase section */

/* Begin XCBuildConfiguration section */
		5FF5FA3E29201A8200120588 /* Debug */ = {
			isa = XCBuildConfiguration;
			buildSettings = {
				ALWAYS_SEARCH_USER_PATHS = NO;
				CLANG_ANALYZER_NONNULL = YES;
				CLANG_ANALYZER_NUMBER_OBJECT_CONVERSION = YES_AGGRESSIVE;
				CLANG_CXX_LANGUAGE_STANDARD = "gnu++17";
				CLANG_ENABLE_MODULES = YES;
				CLANG_ENABLE_OBJC_ARC = YES;
				CLANG_ENABLE_OBJC_WEAK = YES;
				CLANG_WARN_BLOCK_CAPTURE_AUTORELEASING = YES;
				CLANG_WARN_BOOL_CONVERSION = YES;
				CLANG_WARN_COMMA = YES;
				CLANG_WARN_CONSTANT_CONVERSION = YES;
				CLANG_WARN_DEPRECATED_OBJC_IMPLEMENTATIONS = YES;
				CLANG_WARN_DIRECT_OBJC_ISA_USAGE = YES_ERROR;
				CLANG_WARN_DOCUMENTATION_COMMENTS = YES;
				CLANG_WARN_EMPTY_BODY = YES;
				CLANG_WARN_ENUM_CONVERSION = YES;
				CLANG_WARN_INFINITE_RECURSION = YES;
				CLANG_WARN_INT_CONVERSION = YES;
				CLANG_WARN_NON_LITERAL_NULL_CONVERSION = YES;
				CLANG_WARN_OBJC_IMPLICIT_RETAIN_SELF = YES;
				CLANG_WARN_OBJC_LITERAL_CONVERSION = YES;
				CLANG_WARN_OBJC_ROOT_CLASS = YES_ERROR;
				CLANG_WARN_QUOTED_INCLUDE_IN_FRAMEWORK_HEADER = YES;
				CLANG_WARN_RANGE_LOOP_ANALYSIS = YES;
				CLANG_WARN_STRICT_PROTOTYPES = YES;
				CLANG_WARN_SUSPICIOUS_MOVE = YES;
				CLANG_WARN_UNGUARDED_AVAILABILITY = YES_AGGRESSIVE;
				CLANG_WARN_UNREACHABLE_CODE = YES;
				CLANG_WARN__DUPLICATE_METHOD_MATCH = YES;
				COPY_PHASE_STRIP = NO;
				DEBUG_INFORMATION_FORMAT = dwarf;
				ENABLE_STRICT_OBJC_MSGSEND = YES;
				ENABLE_TESTABILITY = YES;
				GCC_C_LANGUAGE_STANDARD = gnu11;
				GCC_DYNAMIC_NO_PIC = NO;
				GCC_NO_COMMON_BLOCKS = YES;
				GCC_OPTIMIZATION_LEVEL = 0;
				GCC_PREPROCESSOR_DEFINITIONS = (
					"DEBUG=1",
					"$(inherited)",
				);
				GCC_WARN_64_TO_32_BIT_CONVERSION = YES;
				GCC_WARN_ABOUT_RETURN_TYPE = YES_ERROR;
				GCC_WARN_UNDECLARED_SELECTOR = YES;
				GCC_WARN_UNINITIALIZED_AUTOS = YES_AGGRESSIVE;
				GCC_WARN_UNUSED_FUNCTION = YES;
				GCC_WARN_UNUSED_VARIABLE = YES;
				IPHONEOS_DEPLOYMENT_TARGET = 15.4;
				MTL_ENABLE_DEBUG_INFO = INCLUDE_SOURCE;
				MTL_FAST_MATH = YES;
				ONLY_ACTIVE_ARCH = YES;
				SDKROOT = iphoneos;
				SWIFT_ACTIVE_COMPILATION_CONDITIONS = DEBUG;
				SWIFT_OPTIMIZATION_LEVEL = "-Onone";
			};
			name = Debug;
		};
		5FF5FA3F29201A8200120588 /* Release */ = {
			isa = XCBuildConfiguration;
			buildSettings = {
				ALWAYS_SEARCH_USER_PATHS = NO;
				CLANG_ANALYZER_NONNULL = YES;
				CLANG_ANALYZER_NUMBER_OBJECT_CONVERSION = YES_AGGRESSIVE;
				CLANG_CXX_LANGUAGE_STANDARD = "gnu++17";
				CLANG_ENABLE_MODULES = YES;
				CLANG_ENABLE_OBJC_ARC = YES;
				CLANG_ENABLE_OBJC_WEAK = YES;
				CLANG_WARN_BLOCK_CAPTURE_AUTORELEASING = YES;
				CLANG_WARN_BOOL_CONVERSION = YES;
				CLANG_WARN_COMMA = YES;
				CLANG_WARN_CONSTANT_CONVERSION = YES;
				CLANG_WARN_DEPRECATED_OBJC_IMPLEMENTATIONS = YES;
				CLANG_WARN_DIRECT_OBJC_ISA_USAGE = YES_ERROR;
				CLANG_WARN_DOCUMENTATION_COMMENTS = YES;
				CLANG_WARN_EMPTY_BODY = YES;
				CLANG_WARN_ENUM_CONVERSION = YES;
				CLANG_WARN_INFINITE_RECURSION = YES;
				CLANG_WARN_INT_CONVERSION = YES;
				CLANG_WARN_NON_LITERAL_NULL_CONVERSION = YES;
				CLANG_WARN_OBJC_IMPLICIT_RETAIN_SELF = YES;
				CLANG_WARN_OBJC_LITERAL_CONVERSION = YES;
				CLANG_WARN_OBJC_ROOT_CLASS = YES_ERROR;
				CLANG_WARN_QUOTED_INCLUDE_IN_FRAMEWORK_HEADER = YES;
				CLANG_WARN_RANGE_LOOP_ANALYSIS = YES;
				CLANG_WARN_STRICT_PROTOTYPES = YES;
				CLANG_WARN_SUSPICIOUS_MOVE = YES;
				CLANG_WARN_UNGUARDED_AVAILABILITY = YES_AGGRESSIVE;
				CLANG_WARN_UNREACHABLE_CODE = YES;
				CLANG_WARN__DUPLICATE_METHOD_MATCH = YES;
				COPY_PHASE_STRIP = NO;
				DEBUG_INFORMATION_FORMAT = "dwarf-with-dsym";
				ENABLE_NS_ASSERTIONS = NO;
				ENABLE_STRICT_OBJC_MSGSEND = YES;
				GCC_C_LANGUAGE_STANDARD = gnu11;
				GCC_NO_COMMON_BLOCKS = YES;
				GCC_WARN_64_TO_32_BIT_CONVERSION = YES;
				GCC_WARN_ABOUT_RETURN_TYPE = YES_ERROR;
				GCC_WARN_UNDECLARED_SELECTOR = YES;
				GCC_WARN_UNINITIALIZED_AUTOS = YES_AGGRESSIVE;
				GCC_WARN_UNUSED_FUNCTION = YES;
				GCC_WARN_UNUSED_VARIABLE = YES;
				IPHONEOS_DEPLOYMENT_TARGET = 15.4;
				MTL_ENABLE_DEBUG_INFO = NO;
				MTL_FAST_MATH = YES;
				SDKROOT = iphoneos;
				SWIFT_COMPILATION_MODE = wholemodule;
				SWIFT_OPTIMIZATION_LEVEL = "-O";
				VALIDATE_PRODUCT = YES;
			};
			name = Release;
		};
		5FF5FA4129201A8200120588 /* Debug */ = {
			isa = XCBuildConfiguration;
			buildSettings = {
				ASSETCATALOG_COMPILER_APPICON_NAME = AppIcon;
				ASSETCATALOG_COMPILER_GLOBAL_ACCENT_COLOR_NAME = AccentColor;
				CODE_SIGN_STYLE = Automatic;
				CURRENT_PROJECT_VERSION = 1;
				DEVELOPMENT_ASSET_PATHS = "\"WeatherSwiftUI/Preview Content\"";
				DEVELOPMENT_TEAM = 9VM2Q82V3D;
				ENABLE_PREVIEWS = YES;
				GENERATE_INFOPLIST_FILE = YES;
				INFOPLIST_KEY_UIApplicationSceneManifest_Generation = YES;
				INFOPLIST_KEY_UIApplicationSupportsIndirectInputEvents = YES;
				INFOPLIST_KEY_UILaunchScreen_Generation = YES;
				INFOPLIST_KEY_UISupportedInterfaceOrientations_iPad = "UIInterfaceOrientationPortrait UIInterfaceOrientationPortraitUpsideDown UIInterfaceOrientationLandscapeLeft UIInterfaceOrientationLandscapeRight";
				INFOPLIST_KEY_UISupportedInterfaceOrientations_iPhone = "UIInterfaceOrientationPortrait UIInterfaceOrientationLandscapeLeft UIInterfaceOrientationLandscapeRight";
				LD_RUNPATH_SEARCH_PATHS = (
					"$(inherited)",
					"@executable_path/Frameworks",
				);
				MARKETING_VERSION = 1.0;
				PRODUCT_BUNDLE_IDENTIFIER = weSplit.com.WeatherSwiftUI;
				PRODUCT_NAME = "$(TARGET_NAME)";
				SWIFT_EMIT_LOC_STRINGS = YES;
				SWIFT_VERSION = 5.0;
				TARGETED_DEVICE_FAMILY = "1,2";
			};
			name = Debug;
		};
		5FF5FA4229201A8200120588 /* Release */ = {
			isa = XCBuildConfiguration;
			buildSettings = {
				ASSETCATALOG_COMPILER_APPICON_NAME = AppIcon;
				ASSETCATALOG_COMPILER_GLOBAL_ACCENT_COLOR_NAME = AccentColor;
				CODE_SIGN_STYLE = Automatic;
				CURRENT_PROJECT_VERSION = 1;
				DEVELOPMENT_ASSET_PATHS = "\"WeatherSwiftUI/Preview Content\"";
				DEVELOPMENT_TEAM = 9VM2Q82V3D;
				ENABLE_PREVIEWS = YES;
				GENERATE_INFOPLIST_FILE = YES;
				INFOPLIST_KEY_UIApplicationSceneManifest_Generation = YES;
				INFOPLIST_KEY_UIApplicationSupportsIndirectInputEvents = YES;
				INFOPLIST_KEY_UILaunchScreen_Generation = YES;
				INFOPLIST_KEY_UISupportedInterfaceOrientations_iPad = "UIInterfaceOrientationPortrait UIInterfaceOrientationPortraitUpsideDown UIInterfaceOrientationLandscapeLeft UIInterfaceOrientationLandscapeRight";
				INFOPLIST_KEY_UISupportedInterfaceOrientations_iPhone = "UIInterfaceOrientationPortrait UIInterfaceOrientationLandscapeLeft UIInterfaceOrientationLandscapeRight";
				LD_RUNPATH_SEARCH_PATHS = (
					"$(inherited)",
					"@executable_path/Frameworks",
				);
				MARKETING_VERSION = 1.0;
				PRODUCT_BUNDLE_IDENTIFIER = weSplit.com.WeatherSwiftUI;
				PRODUCT_NAME = "$(TARGET_NAME)";
				SWIFT_EMIT_LOC_STRINGS = YES;
				SWIFT_VERSION = 5.0;
				TARGETED_DEVICE_FAMILY = "1,2";
			};
			name = Release;
		};
/* End XCBuildConfiguration section */

/* Begin XCConfigurationList section */
		5FF5FA2D29201A7F00120588 /* Build configuration list for PBXProject "WeatherSwiftUI" */ = {
			isa = XCConfigurationList;
			buildConfigurations = (
				5FF5FA3E29201A8200120588 /* Debug */,
				5FF5FA3F29201A8200120588 /* Release */,
			);
			defaultConfigurationIsVisible = 0;
			defaultConfigurationName = Release;
		};
		5FF5FA4029201A8200120588 /* Build configuration list for PBXNativeTarget "WeatherSwiftUI" */ = {
			isa = XCConfigurationList;
			buildConfigurations = (
				5FF5FA4129201A8200120588 /* Debug */,
				5FF5FA4229201A8200120588 /* Release */,
			);
			defaultConfigurationIsVisible = 0;
			defaultConfigurationName = Release;
		};
/* End XCConfigurationList section */
	};
	rootObject = 5FF5FA2A29201A7F00120588 /* Project object */;
}
